
Microsoft Visual Studio Solution File, Format Version 12.00
# Visual Studio 15
VisualStudioVersion = 15.0.27703.2018
MinimumVisualStudioVersion = 10.0.40219.1
Project("{FAE04EC0-301F-11D3-BF4B-00C04F79EFBC}") = "JCJ.OA.DLL", "JCJ.OA.DLL\JCJ.OA.DLL.csproj", "{511AAABD-D8CB-4625-9860-2C8BE995B92D}"
EndProject
Project("{FAE04EC0-301F-11D3-BF4B-00C04F79EFBC}") = "JCJ.OA.BLL", "JCJ.OA.BLL\JCJ.OA.BLL.csproj", "{25C0F90D-8F81-4D85-829D-F01EC9009E9B}"
EndProject
Project("{FAE04EC0-301F-11D3-BF4B-00C04F79EFBC}") = "JCJ.OA.Common", "JCJ.OA.Common\JCJ.OA.Common.csproj", "{63750FE9-0B3E-4E3A-8040-0F0AC80ED133}"
EndProject
Project("{FAE04EC0-301F-11D3-BF4B-00C04F79EFBC}") = "JCJ.OA.IBLL", "JCJ.OA.IBLL\JCJ.OA.IBLL.csproj", "{01B04A21-CD4F-435E-89DF-E0DECAD2D474}"
EndProject
Project("{FAE04EC0-301F-11D3-BF4B-00C04F79EFBC}") = "JCJ.OA.IDAL", "JCJ.OA.IDAL\JCJ.OA.IDAL.csproj", "{301B0B5C-BF46-47F0-A697-39EABCBD285D}"
EndProject
Project("{FAE04EC0-301F-11D3-BF4B-00C04F79EFBC}") = "JCJ.OA.Model", "JCJ.OA.Model\JCJ.OA.Model.csproj", "{C165F29B-629B-4FFA-917D-C540E35E4657}"
EndProject
Project("{FAE04EC0-301F-11D3-BF4B-00C04F79EFBC}") = "JCJ.OA.DALFactory", "JCJ.OA.DALFactory\JCJ.OA.DALFactory.csproj", "{A000B9DD-0083-4ADB-8538-24D78D15FC3A}"
EndProject
Project("{FAE04EC0-301F-11D3-BF4B-00C04F79EFBC}") = "JCJ.OA.WebUI", "JCJ.OA.WebUI\JCJ.OA.WebUI.csproj", "{5F611BEA-5BE2-4419-818A-3550B4BAE856}"
EndProject
Project("{2150E333-8FDC-42A3-9474-1A3956D46DE8}") = "Test", "Test", "{6C823400-86B4-4471-8D2C-E3AFF9F5C74B}"
EndProject
Project("{FAE04EC0-301F-11D3-BF4B-00C04F79EFBC}") = "JCJ.OA.SpringNer", "JCJ.OA.SpringNer\JCJ.OA.SpringNer.csproj", "{55617F3B-F04B-4C13-BB5A-0CD5680D8A23}"
EndProject
Project("{FAE04EC0-301F-11D3-BF4B-00C04F79EFBC}") = "JCJ.OA.VideoServer", "JCJ.OA.VideoServer\JCJ.OA.VideoServer.csproj", "{E68A92D3-9CFA-4808-A500-E150581F8249}"
EndProject
Project("{FAE04EC0-301F-11D3-BF4B-00C04F79EFBC}") = "JCJ.OA.VideoConvertServer", "JCJ.OA.VideoConvertServer\JCJ.OA.VideoConvertServer.csproj", "{180DA514-C860-402D-A9C8-E13A773FE223}"
EndProject
Global
	GlobalSection(SolutionConfigurationPlatforms) = preSolution
		Debug|Any CPU = Debug|Any CPU
		Release|Any CPU = Release|Any CPU
	EndGlobalSection
	GlobalSection(ProjectConfigurationPlatforms) = postSolution
		{511AAABD-D8CB-4625-9860-2C8BE995B92D}.Debug|Any CPU.ActiveCfg = Debug|Any CPU
		{511AAABD-D8CB-4625-9860-2C8BE995B92D}.Debug|Any CPU.Build.0 = Debug|Any CPU
		{511AAABD-D8CB-4625-9860-2C8BE995B92D}.Release|Any CPU.ActiveCfg = Release|Any CPU
		{511AAABD-D8CB-4625-9860-2C8BE995B92D}.Release|Any CPU.Build.0 = Release|Any CPU
		{25C0F90D-8F81-4D85-829D-F01EC9009E9B}.Debug|Any CPU.ActiveCfg = Debug|Any CPU
		{25C0F90D-8F81-4D85-829D-F01EC9009E9B}.Debug|Any CPU.Build.0 = Debug|Any CPU
		{25C0F90D-8F81-4D85-829D-F01EC9009E9B}.Release|Any CPU.ActiveCfg = Release|Any CPU
		{25C0F90D-8F81-4D85-829D-F01EC9009E9B}.Release|Any CPU.Build.0 = Release|Any CPU
		{63750FE9-0B3E-4E3A-8040-0F0AC80ED133}.Debug|Any CPU.ActiveCfg = Debug|Any CPU
		{63750FE9-0B3E-4E3A-8040-0F0AC80ED133}.Debug|Any CPU.Build.0 = Debug|Any CPU
		{63750FE9-0B3E-4E3A-8040-0F0AC80ED133}.Release|Any CPU.ActiveCfg = Release|Any CPU
		{63750FE9-0B3E-4E3A-8040-0F0AC80ED133}.Release|Any CPU.Build.0 = Release|Any CPU
		{01B04A21-CD4F-435E-89DF-E0DECAD2D474}.Debug|Any CPU.ActiveCfg = Debug|Any CPU
		{01B04A21-CD4F-435E-89DF-E0DECAD2D474}.Debug|Any CPU.Build.0 = Debug|Any CPU
		{01B04A21-CD4F-435E-89DF-E0DECAD2D474}.Release|Any CPU.ActiveCfg = Release|Any CPU
		{01B04A21-CD4F-435E-89DF-E0DECAD2D474}.Release|Any CPU.Build.0 = Release|Any CPU
		{301B0B5C-BF46-47F0-A697-39EABCBD285D}.Debug|Any CPU.ActiveCfg = Debug|Any CPU
		{301B0B5C-BF46-47F0-A697-39EABCBD285D}.Debug|Any CPU.Build.0 = Debug|Any CPU
		{301B0B5C-BF46-47F0-A697-39EABCBD285D}.Release|Any CPU.ActiveCfg = Release|Any CPU
		{301B0B5C-BF46-47F0-A697-39EABCBD285D}.Release|Any CPU.Build.0 = Release|Any CPU
		{C165F29B-629B-4FFA-917D-C540E35E4657}.Debug|Any CPU.ActiveCfg = Debug|Any CPU
		{C165F29B-629B-4FFA-917D-C540E35E4657}.Debug|Any CPU.Build.0 = Debug|Any CPU
		{C165F29B-629B-4FFA-917D-C540E35E4657}.Release|Any CPU.ActiveCfg = Release|Any CPU
		{C165F29B-629B-4FFA-917D-C540E35E4657}.Release|Any CPU.Build.0 = Release|Any CPU
		{A000B9DD-0083-4ADB-8538-24D78D15FC3A}.Debug|Any CPU.ActiveCfg = Debug|Any CPU
		{A000B9DD-0083-4ADB-8538-24D78D15FC3A}.Debug|Any CPU.Build.0 = Debug|Any CPU
		{A000B9DD-0083-4ADB-8538-24D78D15FC3A}.Release|Any CPU.ActiveCfg = Release|Any CPU
		{A000B9DD-0083-4ADB-8538-24D78D15FC3A}.Release|Any CPU.Build.0 = Release|Any CPU
		{5F611BEA-5BE2-4419-818A-3550B4BAE856}.Debug|Any CPU.ActiveCfg = Debug|Any CPU
		{5F611BEA-5BE2-4419-818A-3550B4BAE856}.Debug|Any CPU.Build.0 = Debug|Any CPU
		{5F611BEA-5BE2-4419-818A-3550B4BAE856}.Release|Any CPU.ActiveCfg = Release|Any CPU
		{5F611BEA-5BE2-4419-818A-3550B4BAE856}.Release|Any CPU.Build.0 = Release|Any CPU
		{55617F3B-F04B-4C13-BB5A-0CD5680D8A23}.Debug|Any CPU.ActiveCfg = Debug|Any CPU
		{55617F3B-F04B-4C13-BB5A-0CD5680D8A23}.Debug|Any CPU.Build.0 = Debug|Any CPU
		{55617F3B-F04B-4C13-BB5A-0CD5680D8A23}.Release|Any CPU.ActiveCfg = Release|Any CPU
		{55617F3B-F04B-4C13-BB5A-0CD5680D8A23}.Release|Any CPU.Build.0 = Release|Any CPU
		{E68A92D3-9CFA-4808-A500-E150581F8249}.Debug|Any CPU.ActiveCfg = Debug|Any CPU
		{E68A92D3-9CFA-4808-A500-E150581F8249}.Debug|Any CPU.Build.0 = Debug|Any CPU
		{E68A92D3-9CFA-4808-A500-E150581F8249}.Release|Any CPU.ActiveCfg = Release|Any CPU
		{E68A92D3-9CFA-4808-A500-E150581F8249}.Release|Any CPU.Build.0 = Release|Any CPU
		{180DA514-C860-402D-A9C8-E13A773FE223}.Debug|Any CPU.ActiveCfg = Debug|Any CPU
		{180DA514-C860-402D-A9C8-E13A773FE223}.Debug|Any CPU.Build.0 = Debug|Any CPU
		{180DA514-C860-402D-A9C8-E13A773FE223}.Release|Any CPU.ActiveCfg = Release|Any CPU
		{180DA514-C860-402D-A9C8-E13A773FE223}.Release|Any CPU.Build.0 = Release|Any CPU
	EndGlobalSection
	GlobalSection(SolutionProperties) = preSolution
		HideSolutionNode = FALSE
	EndGlobalSection
	GlobalSection(NestedProjects) = preSolution
		{55617F3B-F04B-4C13-BB5A-0CD5680D8A23} = {6C823400-86B4-4471-8D2C-E3AFF9F5C74B}
	EndGlobalSection
	GlobalSection(ExtensibilityGlobals) = postSolution
		SolutionGuid = {E2F5923D-DABA-4C3E-81DA-DA909185E36D}
	EndGlobalSection
EndGlobal
